
Microsoft Visual Studio Solution File, Format Version 12.00
# Visual Studio Version 17
VisualStudioVersion = 17.5.002.0
MinimumVisualStudioVersion = 10.0.40219.1
Project("{9A19103F-16F7-4668-BE54-9A1E7A4F7556}") = "13", "13.csproj", "{A06E2DE7-2EA0-4040-A0F6-77E7B1BCB634}"
EndProject
Global
	GlobalSection(SolutionConfigurationPlatforms) = preSolution
		Debug|Any CPU = Debug|Any CPU
		Release|Any CPU = Release|Any CPU
	EndGlobalSection
	GlobalSection(ProjectConfigurationPlatforms) = postSolution
		{A06E2DE7-2EA0-4040-A0F6-77E7B1BCB634}.Debug|Any CPU.ActiveCfg = Debug|Any CPU
		{A06E2DE7-2EA0-4040-A0F6-77E7B1BCB634}.Debug|Any CPU.Build.0 = Debug|Any CPU
		{A06E2DE7-2EA0-4040-A0F6-77E7B1BCB634}.Release|Any CPU.ActiveCfg = Release|Any CPU
		{A06E2DE7-2EA0-4040-A0F6-77E7B1BCB634}.Release|Any CPU.Build.0 = Release|Any CPU
	EndGlobalSection
	GlobalSection(SolutionProperties) = preSolution
		HideSolutionNode = FALSE
	EndGlobalSection
	GlobalSection(ExtensibilityGlobals) = postSolution
		SolutionGuid = {C6315CC3-4EB5-4E89-9B68-84F6DE2B7A51}
	EndGlobalSection
EndGlobal
